
Microsoft Visual Studio Solution File, Format Version 12.00
# Visual Studio 14
VisualStudioVersion = 14.0.25420.1
MinimumVisualStudioVersion = 10.0.40219.1
Project("{FAE04EC0-301F-11D3-BF4B-00C04F79EFBC}") = "DAL_QLBHdemo_1", "DAL_QLBHdemo\DAL_QLBHdemo_1.csproj", "{71BEC40B-FDFC-4ACF-9F90-8B2951659BE2}"
EndProject
Project("{FAE04EC0-301F-11D3-BF4B-00C04F79EFBC}") = "BUS_QLBHdemo_2", "BUS_QLBHdemo_2\BUS_QLBHdemo_2.csproj", "{42BBC9E1-9DEC-4708-8CEC-E38D974C0EAA}"
EndProject
Project("{FAE04EC0-301F-11D3-BF4B-00C04F79EFBC}") = "GUI_QLBHdemo", "GUI_QLBHdemo\GUI_QLBHdemo.csproj", "{70795EED-9C08-4F1A-97EC-F230AC8B3FDB}"
EndProject
Global
	GlobalSection(SolutionConfigurationPlatforms) = preSolution
		Debug|Any CPU = Debug|Any CPU
		Release|Any CPU = Release|Any CPU
	EndGlobalSection
	GlobalSection(ProjectConfigurationPlatforms) = postSolution
		{71BEC40B-FDFC-4ACF-9F90-8B2951659BE2}.Debug|Any CPU.ActiveCfg = Debug|Any CPU
		{71BEC40B-FDFC-4ACF-9F90-8B2951659BE2}.Debug|Any CPU.Build.0 = Debug|Any CPU
		{71BEC40B-FDFC-4ACF-9F90-8B2951659BE2}.Release|Any CPU.ActiveCfg = Release|Any CPU
		{71BEC40B-FDFC-4ACF-9F90-8B2951659BE2}.Release|Any CPU.Build.0 = Release|Any CPU
		{42BBC9E1-9DEC-4708-8CEC-E38D974C0EAA}.Debug|Any CPU.ActiveCfg = Debug|Any CPU
		{42BBC9E1-9DEC-4708-8CEC-E38D974C0EAA}.Debug|Any CPU.Build.0 = Debug|Any CPU
		{42BBC9E1-9DEC-4708-8CEC-E38D974C0EAA}.Release|Any CPU.ActiveCfg = Release|Any CPU
		{42BBC9E1-9DEC-4708-8CEC-E38D974C0EAA}.Release|Any CPU.Build.0 = Release|Any CPU
		{70795EED-9C08-4F1A-97EC-F230AC8B3FDB}.Debug|Any CPU.ActiveCfg = Debug|Any CPU
		{70795EED-9C08-4F1A-97EC-F230AC8B3FDB}.Debug|Any CPU.Build.0 = Debug|Any CPU
		{70795EED-9C08-4F1A-97EC-F230AC8B3FDB}.Release|Any CPU.ActiveCfg = Release|Any CPU
		{70795EED-9C08-4F1A-97EC-F230AC8B3FDB}.Release|Any CPU.Build.0 = Release|Any CPU
	EndGlobalSection
	GlobalSection(SolutionProperties) = preSolution
		HideSolutionNode = FALSE
	EndGlobalSection
EndGlobal
